
Microsoft Visual Studio Solution File, Format Version 12.00
# Visual Studio Version 16
VisualStudioVersion = 16.0.35325.158
MinimumVisualStudioVersion = 10.0.40219.1
Project("{FAE04EC0-301F-11D3-BF4B-00C04F79EFBC}") = "yousef_walled", "yousef_walled\yousef_walled.csproj", "{A3EADD5A-5F20-471A-B701-3E4C1789A992}"
EndProject
Global
	GlobalSection(SolutionConfigurationPlatforms) = preSolution
		Debug|Any CPU = Debug|Any CPU
		Release|Any CPU = Release|Any CPU
	EndGlobalSection
	GlobalSection(ProjectConfigurationPlatforms) = postSolution
		{A3EADD5A-5F20-471A-B701-3E4C1789A992}.Debug|Any CPU.ActiveCfg = Debug|Any CPU
		{A3EADD5A-5F20-471A-B701-3E4C1789A992}.Debug|Any CPU.Build.0 = Debug|Any CPU
		{A3EADD5A-5F20-471A-B701-3E4C1789A992}.Release|Any CPU.ActiveCfg = Release|Any CPU
		{A3EADD5A-5F20-471A-B701-3E4C1789A992}.Release|Any CPU.Build.0 = Release|Any CPU
	EndGlobalSection
	GlobalSection(SolutionProperties) = preSolution
		HideSolutionNode = FALSE
	EndGlobalSection
	GlobalSection(ExtensibilityGlobals) = postSolution
		SolutionGuid = {6D662B9E-964C-456B-BCB3-F6881C3B6597}
	EndGlobalSection
EndGlobal
